// !$*UTF8*$!
{
	archiveVersion = 1;
	classes = {
	};
	objectVersion = 56;
	objects = {

/* Begin PBXBuildFile section */
		DEC88FF89B04A544B5152E3D /* Pods_Chat.framework in Frameworks */ = {isa = PBXBuildFile; fileRef = 5A0FC5F541D65CF51F6FA2B0 /* Pods_Chat.framework */; };
		ECE0AA822B508CAA00B9FA6E /* AppDelegate.swift in Sources */ = {isa = PBXBuildFile; fileRef = ECE0AA812B508CAA00B9FA6E /* AppDelegate.swift */; };
		ECE0AA842B508CAA00B9FA6E /* SceneDelegate.swift in Sources */ = {isa = PBXBuildFile; fileRef = ECE0AA832B508CAA00B9FA6E /* SceneDelegate.swift */; };
		ECE0AA892B508CAA00B9FA6E /* Main.storyboard in Resources */ = {isa = PBXBuildFile; fileRef = ECE0AA872B508CAA00B9FA6E /* Main.storyboard */; };
		ECE0AA8B2B508CAC00B9FA6E /* Assets.xcassets in Resources */ = {isa = PBXBuildFile; fileRef = ECE0AA8A2B508CAC00B9FA6E /* Assets.xcassets */; };
		ECE0AA8E2B508CAC00B9FA6E /* LaunchScreen.storyboard in Resources */ = {isa = PBXBuildFile; fileRef = ECE0AA8C2B508CAC00B9FA6E /* LaunchScreen.storyboard */; };
		ECE0AA962B50920A00B9FA6E /* ChatViewController.swift in Sources */ = {isa = PBXBuildFile; fileRef = ECE0AA952B50920A00B9FA6E /* ChatViewController.swift */; };
		ECE0AA982B50921E00B9FA6E /* LoginViewController.swift in Sources */ = {isa = PBXBuildFile; fileRef = ECE0AA972B50921E00B9FA6E /* LoginViewController.swift */; };
		ECE0AA9A2B50924300B9FA6E /* RegisterViewController.swift in Sources */ = {isa = PBXBuildFile; fileRef = ECE0AA992B50924300B9FA6E /* RegisterViewController.swift */; };
		ECE0AA9C2B50925B00B9FA6E /* WelcomeViewController.swift in Sources */ = {isa = PBXBuildFile; fileRef = ECE0AA9B2B50925B00B9FA6E /* WelcomeViewController.swift */; };
		ECE0AA9E2B5092BB00B9FA6E /* AlertViewController.swift in Sources */ = {isa = PBXBuildFile; fileRef = ECE0AA9D2B5092BB00B9FA6E /* AlertViewController.swift */; };
		ECE0AAA02B5093AF00B9FA6E /* Constants.swift in Sources */ = {isa = PBXBuildFile; fileRef = ECE0AA9F2B5093AF00B9FA6E /* Constants.swift */; };
		ECE0AAA52B544B7C00B9FA6E /* GoogleService-Info.plist in Resources */ = {isa = PBXBuildFile; fileRef = ECE0AAA42B544B7C00B9FA6E /* GoogleService-Info.plist */; };
		ECE0AAA72B56DAD100B9FA6E /* Message.swift in Sources */ = {isa = PBXBuildFile; fileRef = ECE0AAA62B56DAD100B9FA6E /* Message.swift */; };
		ECE0AAAA2B59B7B000B9FA6E /* MessageCell.swift in Sources */ = {isa = PBXBuildFile; fileRef = ECE0AAA82B59B7B000B9FA6E /* MessageCell.swift */; };
		ECE0AAAB2B59B7B000B9FA6E /* MessageCell.xib in Resources */ = {isa = PBXBuildFile; fileRef = ECE0AAA92B59B7B000B9FA6E /* MessageCell.xib */; };
/* End PBXBuildFile section */

/* Begin PBXFileReference section */
		5A0FC5F541D65CF51F6FA2B0 /* Pods_Chat.framework */ = {isa = PBXFileReference; explicitFileType = wrapper.framework; includeInIndex = 0; path = Pods_Chat.framework; sourceTree = BUILT_PRODUCTS_DIR; };
		DF4018E348E5BB6A0AC01981 /* Pods-Chat.debug.xcconfig */ = {isa = PBXFileReference; includeInIndex = 1; lastKnownFileType = text.xcconfig; name = "Pods-Chat.debug.xcconfig"; path = "Target Support Files/Pods-Chat/Pods-Chat.debug.xcconfig"; sourceTree = "<group>"; };
		ECE0AA7E2B508CAA00B9FA6E /* Chat.app */ = {isa = PBXFileReference; explicitFileType = wrapper.application; includeInIndex = 0; path = Chat.app; sourceTree = BUILT_PRODUCTS_DIR; };
		ECE0AA812B508CAA00B9FA6E /* AppDelegate.swift */ = {isa = PBXFileReference; lastKnownFileType = sourcecode.swift; path = AppDelegate.swift; sourceTree = "<group>"; };
		ECE0AA832B508CAA00B9FA6E /* SceneDelegate.swift */ = {isa = PBXFileReference; lastKnownFileType = sourcecode.swift; path = SceneDelegate.swift; sourceTree = "<group>"; };
		ECE0AA882B508CAA00B9FA6E /* Base */ = {isa = PBXFileReference; lastKnownFileType = file.storyboard; name = Base; path = Base.lproj/Main.storyboard; sourceTree = "<group>"; };
		ECE0AA8A2B508CAC00B9FA6E /* Assets.xcassets */ = {isa = PBXFileReference; lastKnownFileType = folder.assetcatalog; path = Assets.xcassets; sourceTree = "<group>"; };
		ECE0AA8D2B508CAC00B9FA6E /* Base */ = {isa = PBXFileReference; lastKnownFileType = file.storyboard; name = Base; path = Base.lproj/LaunchScreen.storyboard; sourceTree = "<group>"; };
		ECE0AA8F2B508CAC00B9FA6E /* Info.plist */ = {isa = PBXFileReference; lastKnownFileType = text.plist.xml; path = Info.plist; sourceTree = "<group>"; };
		ECE0AA952B50920A00B9FA6E /* ChatViewController.swift */ = {isa = PBXFileReference; lastKnownFileType = sourcecode.swift; path = ChatViewController.swift; sourceTree = "<group>"; };
		ECE0AA972B50921E00B9FA6E /* LoginViewController.swift */ = {isa = PBXFileReference; lastKnownFileType = sourcecode.swift; path = LoginViewController.swift; sourceTree = "<group>"; };
		ECE0AA992B50924300B9FA6E /* RegisterViewController.swift */ = {isa = PBXFileReference; lastKnownFileType = sourcecode.swift; path = RegisterViewController.swift; sourceTree = "<group>"; };
		ECE0AA9B2B50925B00B9FA6E /* WelcomeViewController.swift */ = {isa = PBXFileReference; lastKnownFileType = sourcecode.swift; path = WelcomeViewController.swift; sourceTree = "<group>"; };
		ECE0AA9D2B5092BB00B9FA6E /* AlertViewController.swift */ = {isa = PBXFileReference; lastKnownFileType = sourcecode.swift; path = AlertViewController.swift; sourceTree = "<group>"; };
		ECE0AA9F2B5093AF00B9FA6E /* Constants.swift */ = {isa = PBXFileReference; lastKnownFileType = sourcecode.swift; path = Constants.swift; sourceTree = "<group>"; };
		ECE0AAA42B544B7C00B9FA6E /* GoogleService-Info.plist */ = {isa = PBXFileReference; fileEncoding = 4; lastKnownFileType = text.plist.xml; path = "GoogleService-Info.plist"; sourceTree = "<group>"; };
		ECE0AAA62B56DAD100B9FA6E /* Message.swift */ = {isa = PBXFileReference; lastKnownFileType = sourcecode.swift; path = Message.swift; sourceTree = "<group>"; };
		ECE0AAA82B59B7B000B9FA6E /* MessageCell.swift */ = {isa = PBXFileReference; lastKnownFileType = sourcecode.swift; path = MessageCell.swift; sourceTree = "<group>"; };
		ECE0AAA92B59B7B000B9FA6E /* MessageCell.xib */ = {isa = PBXFileReference; lastKnownFileType = file.xib; path = MessageCell.xib; sourceTree = "<group>"; };
		F86C8B572267949FB81B5EA8 /* Pods-Chat.release.xcconfig */ = {isa = PBXFileReference; includeInIndex = 1; lastKnownFileType = text.xcconfig; name = "Pods-Chat.release.xcconfig"; path = "Target Support Files/Pods-Chat/Pods-Chat.release.xcconfig"; sourceTree = "<group>"; };
/* End PBXFileReference section */

/* Begin PBXFrameworksBuildPhase section */
		ECE0AA7B2B508CAA00B9FA6E /* Frameworks */ = {
			isa = PBXFrameworksBuildPhase;
			buildActionMask = 2147483647;
			files = (
				DEC88FF89B04A544B5152E3D /* Pods_Chat.framework in Frameworks */,
			);
			runOnlyForDeploymentPostprocessing = 0;
		};
/* End PBXFrameworksBuildPhase section */

/* Begin PBXGroup section */
		0C6239F54D3700525C30E391 /* Pods */ = {
			isa = PBXGroup;
			children = (
				DF4018E348E5BB6A0AC01981 /* Pods-Chat.debug.xcconfig */,
				F86C8B572267949FB81B5EA8 /* Pods-Chat.release.xcconfig */,
			);
			path = Pods;
			sourceTree = "<group>";
		};
		345D4787820363C412007B14 /* Frameworks */ = {
			isa = PBXGroup;
			children = (
				5A0FC5F541D65CF51F6FA2B0 /* Pods_Chat.framework */,
			);
			name = Frameworks;
			sourceTree = "<group>";
		};
		ECE0AA752B508CAA00B9FA6E = {
			isa = PBXGroup;
			children = (
				ECE0AA802B508CAA00B9FA6E /* Chat */,
				ECE0AA7F2B508CAA00B9FA6E /* Products */,
				0C6239F54D3700525C30E391 /* Pods */,
				345D4787820363C412007B14 /* Frameworks */,
			);
			sourceTree = "<group>";
		};
		ECE0AA7F2B508CAA00B9FA6E /* Products */ = {
			isa = PBXGroup;
			children = (
				ECE0AA7E2B508CAA00B9FA6E /* Chat.app */,
			);
			name = Products;
			sourceTree = "<group>";
		};
		ECE0AA802B508CAA00B9FA6E /* Chat */ = {
			isa = PBXGroup;
			children = (
				ECE0AAA12B5373EF00B9FA6E /* Model */,
				ECE0AAA22B5373F700B9FA6E /* View */,
				ECE0AAA32B5373FE00B9FA6E /* Controller */,
				ECE0AA812B508CAA00B9FA6E /* AppDelegate.swift */,
				ECE0AA832B508CAA00B9FA6E /* SceneDelegate.swift */,
				ECE0AA952B50920A00B9FA6E /* ChatViewController.swift */,
				ECE0AA972B50921E00B9FA6E /* LoginViewController.swift */,
				ECE0AA992B50924300B9FA6E /* RegisterViewController.swift */,
				ECE0AA9B2B50925B00B9FA6E /* WelcomeViewController.swift */,
				ECE0AA9F2B5093AF00B9FA6E /* Constants.swift */,
				ECE0AA9D2B5092BB00B9FA6E /* AlertViewController.swift */,
				ECE0AA8A2B508CAC00B9FA6E /* Assets.xcassets */,
				ECE0AA8C2B508CAC00B9FA6E /* LaunchScreen.storyboard */,
				ECE0AA8F2B508CAC00B9FA6E /* Info.plist */,
				ECE0AAA42B544B7C00B9FA6E /* GoogleService-Info.plist */,
				ECE0AAA62B56DAD100B9FA6E /* Message.swift */,
			);
			path = Chat;
			sourceTree = "<group>";
		};
		ECE0AAA12B5373EF00B9FA6E /* Model */ = {
			isa = PBXGroup;
			children = (
			);
			path = Model;
			sourceTree = "<group>";
		};
		ECE0AAA22B5373F700B9FA6E /* View */ = {
			isa = PBXGroup;
			children = (
				ECE0AA872B508CAA00B9FA6E /* Main.storyboard */,
				ECE0AAA82B59B7B000B9FA6E /* MessageCell.swift */,
				ECE0AAA92B59B7B000B9FA6E /* MessageCell.xib */,
			);
			path = View;
			sourceTree = "<group>";
		};
		ECE0AAA32B5373FE00B9FA6E /* Controller */ = {
			isa = PBXGroup;
			children = (
			);
			path = Controller;
			sourceTree = "<group>";
		};
/* End PBXGroup section */

/* Begin PBXNativeTarget section */
		ECE0AA7D2B508CAA00B9FA6E /* Chat */ = {
			isa = PBXNativeTarget;
			buildConfigurationList = ECE0AA922B508CAC00B9FA6E /* Build configuration list for PBXNativeTarget "Chat" */;
			buildPhases = (
				14A7B45B1E571594074C7114 /* [CP] Check Pods Manifest.lock */,
				ECE0AA7A2B508CAA00B9FA6E /* Sources */,
				ECE0AA7B2B508CAA00B9FA6E /* Frameworks */,
				ECE0AA7C2B508CAA00B9FA6E /* Resources */,
				AF9AA0AF97988BEB25F158E8 /* [CP] Embed Pods Frameworks */,
			);
			buildRules = (
			);
			dependencies = (
			);
			name = Chat;
			productName = Chat;
			productReference = ECE0AA7E2B508CAA00B9FA6E /* Chat.app */;
			productType = "com.apple.product-type.application";
		};
/* End PBXNativeTarget section */

/* Begin PBXProject section */
		ECE0AA762B508CAA00B9FA6E /* Project object */ = {
			isa = PBXProject;
			attributes = {
				BuildIndependentTargetsInParallel = 1;
				LastSwiftUpdateCheck = 1510;
				LastUpgradeCheck = 1510;
				TargetAttributes = {
					ECE0AA7D2B508CAA00B9FA6E = {
						CreatedOnToolsVersion = 15.1;
					};
				};
			};
			buildConfigurationList = ECE0AA792B508CAA00B9FA6E /* Build configuration list for PBXProject "Chat" */;
			compatibilityVersion = "Xcode 14.0";
			developmentRegion = en;
			hasScannedForEncodings = 0;
			knownRegions = (
				en,
				Base,
			);
			mainGroup = ECE0AA752B508CAA00B9FA6E;
			productRefGroup = ECE0AA7F2B508CAA00B9FA6E /* Products */;
			projectDirPath = "";
			projectRoot = "";
			targets = (
				ECE0AA7D2B508CAA00B9FA6E /* Chat */,
			);
		};
/* End PBXProject section */

/* Begin PBXResourcesBuildPhase section */
		ECE0AA7C2B508CAA00B9FA6E /* Resources */ = {
			isa = PBXResourcesBuildPhase;
			buildActionMask = 2147483647;
			files = (
				ECE0AAAB2B59B7B000B9FA6E /* MessageCell.xib in Resources */,
				ECE0AA8E2B508CAC00B9FA6E /* LaunchScreen.storyboard in Resources */,
				ECE0AAA52B544B7C00B9FA6E /* GoogleService-Info.plist in Resources */,
				ECE0AA8B2B508CAC00B9FA6E /* Assets.xcassets in Resources */,
				ECE0AA892B508CAA00B9FA6E /* Main.storyboard in Resources */,
			);
			runOnlyForDeploymentPostprocessing = 0;
		};
/* End PBXResourcesBuildPhase section */

/* Begin PBXShellScriptBuildPhase section */
		14A7B45B1E571594074C7114 /* [CP] Check Pods Manifest.lock */ = {
			isa = PBXShellScriptBuildPhase;
			buildActionMask = 2147483647;
			files = (
			);
			inputFileListPaths = (
			);
			inputPaths = (
				"${PODS_PODFILE_DIR_PATH}/Podfile.lock",
				"${PODS_ROOT}/Manifest.lock",
			);
			name = "[CP] Check Pods Manifest.lock";
			outputFileListPaths = (
			);
			outputPaths = (
				"$(DERIVED_FILE_DIR)/Pods-Chat-checkManifestLockResult.txt",
			);
			runOnlyForDeploymentPostprocessing = 0;
			shellPath = /bin/sh;
			shellScript = "diff \"${PODS_PODFILE_DIR_PATH}/Podfile.lock\" \"${PODS_ROOT}/Manifest.lock\" > /dev/null\nif [ $? != 0 ] ; then\n    # print error to STDERR\n    echo \"error: The sandbox is not in sync with the Podfile.lock. Run 'pod install' or update your CocoaPods installation.\" >&2\n    exit 1\nfi\n# This output is used by Xcode 'outputs' to avoid re-running this script phase.\necho \"SUCCESS\" > \"${SCRIPT_OUTPUT_FILE_0}\"\n";
			showEnvVarsInLog = 0;
		};
		AF9AA0AF97988BEB25F158E8 /* [CP] Embed Pods Frameworks */ = {
			isa = PBXShellScriptBuildPhase;
			alwaysOutOfDate = 1;
			buildActionMask = 2147483647;
			files = (
			);
			inputFileListPaths = (
				"${PODS_ROOT}/Target Support Files/Pods-Chat/Pods-Chat-frameworks-${CONFIGURATION}-input-files.xcfilelist",
			);
			name = "[CP] Embed Pods Frameworks";
			outputFileListPaths = (
				"${PODS_ROOT}/Target Support Files/Pods-Chat/Pods-Chat-frameworks-${CONFIGURATION}-output-files.xcfilelist",
			);
			runOnlyForDeploymentPostprocessing = 0;
			shellPath = /bin/sh;
			shellScript = "\"${PODS_ROOT}/Target Support Files/Pods-Chat/Pods-Chat-frameworks.sh\"\n";
			showEnvVarsInLog = 0;
		};
/* End PBXShellScriptBuildPhase section */

/* Begin PBXSourcesBuildPhase section */
		ECE0AA7A2B508CAA00B9FA6E /* Sources */ = {
			isa = PBXSourcesBuildPhase;
			buildActionMask = 2147483647;
			files = (
				ECE0AA822B508CAA00B9FA6E /* AppDelegate.swift in Sources */,
				ECE0AAAA2B59B7B000B9FA6E /* MessageCell.swift in Sources */,
				ECE0AA9E2B5092BB00B9FA6E /* AlertViewController.swift in Sources */,
				ECE0AA962B50920A00B9FA6E /* ChatViewController.swift in Sources */,
				ECE0AAA72B56DAD100B9FA6E /* Message.swift in Sources */,
				ECE0AA9A2B50924300B9FA6E /* RegisterViewController.swift in Sources */,
				ECE0AA982B50921E00B9FA6E /* LoginViewController.swift in Sources */,
				ECE0AA842B508CAA00B9FA6E /* SceneDelegate.swift in Sources */,
				ECE0AA9C2B50925B00B9FA6E /* WelcomeViewController.swift in Sources */,
				ECE0AAA02B5093AF00B9FA6E /* Constants.swift in Sources */,
			);
			runOnlyForDeploymentPostprocessing = 0;
		};
/* End PBXSourcesBuildPhase section */

/* Begin PBXVariantGroup section */
		ECE0AA872B508CAA00B9FA6E /* Main.storyboard */ = {
			isa = PBXVariantGroup;
			children = (
				ECE0AA882B508CAA00B9FA6E /* Base */,
			);
			name = Main.storyboard;
			sourceTree = "<group>";
		};
		ECE0AA8C2B508CAC00B9FA6E /* LaunchScreen.storyboard */ = {
			isa = PBXVariantGroup;
			children = (
				ECE0AA8D2B508CAC00B9FA6E /* Base */,
			);
			name = LaunchScreen.storyboard;
			sourceTree = "<group>";
		};
/* End PBXVariantGroup section */

/* Begin XCBuildConfiguration section */
		ECE0AA902B508CAC00B9FA6E /* Debug */ = {
			isa = XCBuildConfiguration;
			buildSettings = {
				ALWAYS_SEARCH_USER_PATHS = NO;
				ASSETCATALOG_COMPILER_GENERATE_SWIFT_ASSET_SYMBOL_EXTENSIONS = YES;
				CLANG_ANALYZER_NONNULL = YES;
				CLANG_ANALYZER_NUMBER_OBJECT_CONVERSION = YES_AGGRESSIVE;
				CLANG_CXX_LANGUAGE_STANDARD = "gnu++20";
				CLANG_ENABLE_MODULES = YES;
				CLANG_ENABLE_OBJC_ARC = YES;
				CLANG_ENABLE_OBJC_WEAK = YES;
				CLANG_WARN_BLOCK_CAPTURE_AUTORELEASING = YES;
				CLANG_WARN_BOOL_CONVERSION = YES;
				CLANG_WARN_COMMA = YES;
				CLANG_WARN_CONSTANT_CONVERSION = YES;
				CLANG_WARN_DEPRECATED_OBJC_IMPLEMENTATIONS = YES;
				CLANG_WARN_DIRECT_OBJC_ISA_USAGE = YES_ERROR;
				CLANG_WARN_DOCUMENTATION_COMMENTS = YES;
				CLANG_WARN_EMPTY_BODY = YES;
				CLANG_WARN_ENUM_CONVERSION = YES;
				CLANG_WARN_INFINITE_RECURSION = YES;
				CLANG_WARN_INT_CONVERSION = YES;
				CLANG_WARN_NON_LITERAL_NULL_CONVERSION = YES;
				CLANG_WARN_OBJC_IMPLICIT_RETAIN_SELF = YES;
				CLANG_WARN_OBJC_LITERAL_CONVERSION = YES;
				CLANG_WARN_OBJC_ROOT_CLASS = YES_ERROR;
				CLANG_WARN_QUOTED_INCLUDE_IN_FRAMEWORK_HEADER = YES;
				CLANG_WARN_RANGE_LOOP_ANALYSIS = YES;
				CLANG_WARN_STRICT_PROTOTYPES = YES;
				CLANG_WARN_SUSPICIOUS_MOVE = YES;
				CLANG_WARN_UNGUARDED_AVAILABILITY = YES_AGGRESSIVE;
				CLANG_WARN_UNREACHABLE_CODE = YES;
				CLANG_WARN__DUPLICATE_METHOD_MATCH = YES;
				COPY_PHASE_STRIP = NO;
				DEBUG_INFORMATION_FORMAT = dwarf;
				ENABLE_STRICT_OBJC_MSGSEND = YES;
				ENABLE_TESTABILITY = YES;
				ENABLE_USER_SCRIPT_SANDBOXING = NO;
				GCC_C_LANGUAGE_STANDARD = gnu17;
				GCC_DYNAMIC_NO_PIC = NO;
				GCC_NO_COMMON_BLOCKS = YES;
				GCC_OPTIMIZATION_LEVEL = 0;
				GCC_PREPROCESSOR_DEFINITIONS = (
					"DEBUG=1",
					"$(inherited)",
				);
				GCC_WARN_64_TO_32_BIT_CONVERSION = YES;
				GCC_WARN_ABOUT_RETURN_TYPE = YES_ERROR;
				GCC_WARN_UNDECLARED_SELECTOR = YES;
				GCC_WARN_UNINITIALIZED_AUTOS = YES_AGGRESSIVE;
				GCC_WARN_UNUSED_FUNCTION = YES;
				GCC_WARN_UNUSED_VARIABLE = YES;
				IPHONEOS_DEPLOYMENT_TARGET = 17.2;
				LOCALIZATION_PREFERS_STRING_CATALOGS = YES;
				MTL_ENABLE_DEBUG_INFO = INCLUDE_SOURCE;
				MTL_FAST_MATH = YES;
				ONLY_ACTIVE_ARCH = YES;
				SDKROOT = iphoneos;
				SWIFT_ACTIVE_COMPILATION_CONDITIONS = "DEBUG $(inherited)";
				SWIFT_OPTIMIZATION_LEVEL = "-Onone";
			};
			name = Debug;
		};
		ECE0AA912B508CAC00B9FA6E /* Release */ = {
			isa = XCBuildConfiguration;
			buildSettings = {
				ALWAYS_SEARCH_USER_PATHS = NO;
				ASSETCATALOG_COMPILER_GENERATE_SWIFT_ASSET_SYMBOL_EXTENSIONS = YES;
				CLANG_ANALYZER_NONNULL = YES;
				CLANG_ANALYZER_NUMBER_OBJECT_CONVERSION = YES_AGGRESSIVE;
				CLANG_CXX_LANGUAGE_STANDARD = "gnu++20";
				CLANG_ENABLE_MODULES = YES;
				CLANG_ENABLE_OBJC_ARC = YES;
				CLANG_ENABLE_OBJC_WEAK = YES;
				CLANG_WARN_BLOCK_CAPTURE_AUTORELEASING = YES;
				CLANG_WARN_BOOL_CONVERSION = YES;
				CLANG_WARN_COMMA = YES;
				CLANG_WARN_CONSTANT_CONVERSION = YES;
				CLANG_WARN_DEPRECATED_OBJC_IMPLEMENTATIONS = YES;
				CLANG_WARN_DIRECT_OBJC_ISA_USAGE = YES_ERROR;
				CLANG_WARN_DOCUMENTATION_COMMENTS = YES;
				CLANG_WARN_EMPTY_BODY = YES;
				CLANG_WARN_ENUM_CONVERSION = YES;
				CLANG_WARN_INFINITE_RECURSION = YES;
				CLANG_WARN_INT_CONVERSION = YES;
				CLANG_WARN_NON_LITERAL_NULL_CONVERSION = YES;
				CLANG_WARN_OBJC_IMPLICIT_RETAIN_SELF = YES;
				CLANG_WARN_OBJC_LITERAL_CONVERSION = YES;
				CLANG_WARN_OBJC_ROOT_CLASS = YES_ERROR;
				CLANG_WARN_QUOTED_INCLUDE_IN_FRAMEWORK_HEADER = YES;
				CLANG_WARN_RANGE_LOOP_ANALYSIS = YES;
				CLANG_WARN_STRICT_PROTOTYPES = YES;
				CLANG_WARN_SUSPICIOUS_MOVE = YES;
				CLANG_WARN_UNGUARDED_AVAILABILITY = YES_AGGRESSIVE;
				CLANG_WARN_UNREACHABLE_CODE = YES;
				CLANG_WARN__DUPLICATE_METHOD_MATCH = YES;
				COPY_PHASE_STRIP = NO;
				DEBUG_INFORMATION_FORMAT = "dwarf-with-dsym";
				ENABLE_NS_ASSERTIONS = NO;
				ENABLE_STRICT_OBJC_MSGSEND = YES;
				ENABLE_USER_SCRIPT_SANDBOXING = NO;
				GCC_C_LANGUAGE_STANDARD = gnu17;
				GCC_NO_COMMON_BLOCKS = YES;
				GCC_WARN_64_TO_32_BIT_CONVERSION = YES;
				GCC_WARN_ABOUT_RETURN_TYPE = YES_ERROR;
				GCC_WARN_UNDECLARED_SELECTOR = YES;
				GCC_WARN_UNINITIALIZED_AUTOS = YES_AGGRESSIVE;
				GCC_WARN_UNUSED_FUNCTION = YES;
				GCC_WARN_UNUSED_VARIABLE = YES;
				IPHONEOS_DEPLOYMENT_TARGET = 17.2;
				LOCALIZATION_PREFERS_STRING_CATALOGS = YES;
				MTL_ENABLE_DEBUG_INFO = NO;
				MTL_FAST_MATH = YES;
				SDKROOT = iphoneos;
				SWIFT_COMPILATION_MODE = wholemodule;
				VALIDATE_PRODUCT = YES;
			};
			name = Release;
		};
		ECE0AA932B508CAC00B9FA6E /* Debug */ = {
			isa = XCBuildConfiguration;
			baseConfigurationReference = DF4018E348E5BB6A0AC01981 /* Pods-Chat.debug.xcconfig */;
			buildSettings = {
				ASSETCATALOG_COMPILER_APPICON_NAME = AppIcon;
				ASSETCATALOG_COMPILER_GLOBAL_ACCENT_COLOR_NAME = AccentColor;
				CODE_SIGN_STYLE = Automatic;
				CURRENT_PROJECT_VERSION = 1;
				DEVELOPMENT_TEAM = LSMF6XRV9N;
				GENERATE_INFOPLIST_FILE = YES;
				INFOPLIST_FILE = Chat/Info.plist;
				INFOPLIST_KEY_UIApplicationSupportsIndirectInputEvents = YES;
				INFOPLIST_KEY_UILaunchStoryboardName = LaunchScreen;
				INFOPLIST_KEY_UIMainStoryboardFile = Main;
				INFOPLIST_KEY_UISupportedInterfaceOrientations_iPad = "UIInterfaceOrientationPortrait UIInterfaceOrientationPortraitUpsideDown UIInterfaceOrientationLandscapeLeft UIInterfaceOrientationLandscapeRight";
				INFOPLIST_KEY_UISupportedInterfaceOrientations_iPhone = "UIInterfaceOrientationPortrait UIInterfaceOrientationLandscapeLeft UIInterfaceOrientationLandscapeRight";
				LD_RUNPATH_SEARCH_PATHS = (
					"$(inherited)",
					"@executable_path/Frameworks",
				);
				MARKETING_VERSION = 1.0;
				PRODUCT_BUNDLE_IDENTIFIER = com.practice.Chat;
				PRODUCT_NAME = "$(TARGET_NAME)";
				SWIFT_EMIT_LOC_STRINGS = YES;
				SWIFT_VERSION = 5.0;
				TARGETED_DEVICE_FAMILY = "1,2";
			};
			name = Debug;
		};
		ECE0AA942B508CAC00B9FA6E /* Release */ = {
			isa = XCBuildConfiguration;
			baseConfigurationReference = F86C8B572267949FB81B5EA8 /* Pods-Chat.release.xcconfig */;
			buildSettings = {
				ASSETCATALOG_COMPILER_APPICON_NAME = AppIcon;
				ASSETCATALOG_COMPILER_GLOBAL_ACCENT_COLOR_NAME = AccentColor;
				CODE_SIGN_STYLE = Automatic;
				CURRENT_PROJECT_VERSION = 1;
				DEVELOPMENT_TEAM = LSMF6XRV9N;
				GENERATE_INFOPLIST_FILE = YES;
				INFOPLIST_FILE = Chat/Info.plist;
				INFOPLIST_KEY_UIApplicationSupportsIndirectInputEvents = YES;
				INFOPLIST_KEY_UILaunchStoryboardName = LaunchScreen;
				INFOPLIST_KEY_UIMainStoryboardFile = Main;
				INFOPLIST_KEY_UISupportedInterfaceOrientations_iPad = "UIInterfaceOrientationPortrait UIInterfaceOrientationPortraitUpsideDown UIInterfaceOrientationLandscapeLeft UIInterfaceOrientationLandscapeRight";
				INFOPLIST_KEY_UISupportedInterfaceOrientations_iPhone = "UIInterfaceOrientationPortrait UIInterfaceOrientationLandscapeLeft UIInterfaceOrientationLandscapeRight";
				LD_RUNPATH_SEARCH_PATHS = (
					"$(inherited)",
					"@executable_path/Frameworks",
				);
				MARKETING_VERSION = 1.0;
				PRODUCT_BUNDLE_IDENTIFIER = com.practice.Chat;
				PRODUCT_NAME = "$(TARGET_NAME)";
				SWIFT_EMIT_LOC_STRINGS = YES;
				SWIFT_VERSION = 5.0;
				TARGETED_DEVICE_FAMILY = "1,2";
			};
			name = Release;
		};
/* End XCBuildConfiguration section */

/* Begin XCConfigurationList section */
		ECE0AA792B508CAA00B9FA6E /* Build configuration list for PBXProject "Chat" */ = {
			isa = XCConfigurationList;
			buildConfigurations = (
				ECE0AA902B508CAC00B9FA6E /* Debug */,
				ECE0AA912B508CAC00B9FA6E /* Release */,
			);
			defaultConfigurationIsVisible = 0;
			defaultConfigurationName = Release;
		};
		ECE0AA922B508CAC00B9FA6E /* Build configuration list for PBXNativeTarget "Chat" */ = {
			isa = XCConfigurationList;
			buildConfigurations = (
				ECE0AA932B508CAC00B9FA6E /* Debug */,
				ECE0AA942B508CAC00B9FA6E /* Release */,
			);
			defaultConfigurationIsVisible = 0;
			defaultConfigurationName = Release;
		};
/* End XCConfigurationList section */
	};
	rootObject = ECE0AA762B508CAA00B9FA6E /* Project object */;
}
